{
  "name": "dive-unity",
  "version": "0.2.0",
  "lockfileVersion": 3,
  "requires": true,
  "packages": {
    "": {
      "name": "dive-unity",
      "version": "0.2.0",
      "dependencies": {
        "@solana/kit": "^8.3.0"
      }
    },
    "node_modules/@solana/accounts": {
      "version": "8.3.0",
      "resolved": "https://registry.npmjs.org/@solana/accounts/-/accounts-8.3.0.tgz",
      "integrity": "sha512-HNVCs4yyE5kTRHVD3ApuKuByuO85GHE6Ns7I/yMB9vXhFgZjGzFhOGi/YCjlWpIk3RqTyX7wGniHyEb49R3ELQ==",
      "license": "MIT",
      "dependencies": {
        "@solana/addresses": "8.3.0",
        "@solana/codecs-core": "8.3.0",
        "@solana/codecs-strings": "8.3.0",
        "@solana/errors": "8.3.0",
        "@solana/rpc-spec": "8.3.0",
        "@solana/rpc-types": "8.3.0"
      },
      "engines": {
        "node": ">=20.18.0"
      },
      "peerDependencies": {
        "typescript": ">=5.4.0"
      },
      "peerDependenciesMeta": {
        "typescript": {
          "optional": true
        }
      }
    },
    "node_modules/@solana/addresses": {
      "version": "8.3.0",
      "resolved": "https://registry.npmjs.org/@solana/addresses/-/addresses-8.3.0.tgz",
      "integrity": "sha512-HSAPbu5TpHYZqUo9SBALvDeOyfU1Cdtk9PCmxv+YjclNuDVbh+yMnesZ614zjhKJ8clvyidWSgmISjlFCJv6qA==",
      "license": "MIT",
      "dependencies": {
        "@solana/assertions": "8.3.0",
        "@solana/codecs-core": "8.3.0",
        "@solana/codecs-strings": "8.3.0",
        "@solana/errors": "8.3.0",
        "@solana/nominal-types": "8.3.0"
      },
      "engines": {
        "node": ">=20.18.0"
      },
      "peerDependencies": {
        "typescript": ">=5.4.0"
      },
      "peerDependenciesMeta": {
        "typescript": {
          "optional": true
        }
      }
    },
    "node_modules/@solana/assertions": {
      "version": "8.3.0",
      "resolved": "https://registry.npmjs.org/@solana/assertions/-/assertions-8.3.0.tgz",
      "integrity": "sha512-6NI79X6VANpq1b1BAnQevCs63dW4l3XKSbikVd5k8mlIsURlCTFdtrbXfQInqsUWZJWElf7ZLQu7RkbBOj6wuw==",
      "license": "MIT",
      "dependencies": {
        "@solana/errors": "8.3.0"
      },
      "engines": {
        "node": ">=20.18.0"
      },
      "peerDependencies": {
        "typescript": ">=5.4.0"
      },
      "peerDependenciesMeta": {
        "typescript": {
          "optional": true
        }
      }
    },
    "node_modules/@solana/codecs": {
      "version": "8.3.0",
      "resolved": "https://registry.npmjs.org/@solana/codecs/-/codecs-8.3.0.tgz",
      "integrity": "sha512-BtiHdl7pDw6tadQAn3Vi1s0wgp0BGQ3ndTQRBtxuwmyCzlGfyuvMBq+ynkuGWwknvOpU2eTNEO84U/b7wqLB7w==",
      "license": "MIT",
      "dependencies": {
        "@solana/codecs-core": "8.3.0",
        "@solana/codecs-data-structures": "8.3.0",
        "@solana/codecs-numbers": "8.3.0",
        "@solana/codecs-strings": "8.3.0",
        "@solana/fixed-points": "8.3.0",
        "@solana/options": "8.3.0"
      },
      "engines": {
        "node": ">=20.18.0"
      },
      "peerDependencies": {
        "typescript": ">=5.4.0"
      },
      "peerDependenciesMeta": {
        "typescript": {
          "optional": true
        }
      }
    },
    "node_modules/@solana/codecs-core": {
      "version": "8.3.0",
      "resolved": "https://registry.npmjs.org/@solana/codecs-core/-/codecs-core-8.3.0.tgz",
      "integrity": "sha512-rpt01CPeF4FhTTJHyr0Tr4n8U1shYPhe7q2mcmTYyKPATYAkyb5CLHnYKnN6LO71EZSFq3Y2Wm27rwWcBvAJzg==",
      "license": "MIT",
      "dependencies": {
        "@solana/errors": "8.3.0"
      },
      "engines": {
        "node": ">=20.18.0"
      },
      "peerDependencies": {
        "typescript": ">=5.4.0"
      },
      "peerDependenciesMeta": {
        "typescript": {
          "optional": true
        }
      }
    },
    "node_modules/@solana/codecs-data-structures": {
      "version": "8.3.0",
      "resolved": "https://registry.npmjs.org/@solana/codecs-data-structures/-/codecs-data-structures-8.3.0.tgz",
      "integrity": "sha512-ojwHBnDia6VtkoCzppJGXJ1JZkQ4teYToTRu0e4N5dEkZlFU5EmpeX+1xsw7gu4bR9cNXXMWbWw4uFgVM8Nd6Q==",
      "license": "MIT",
      "dependencies": {
        "@solana/codecs-core": "8.3.0",
        "@solana/codecs-numbers": "8.3.0",
        "@solana/errors": "8.3.0"
      },
      "engines": {
        "node": ">=20.18.0"
      },
      "peerDependencies": {
        "typescript": ">=5.4.0"
      },
      "peerDependenciesMeta": {
        "typescript": {
          "optional": true
        }
      }
    },
    "node_modules/@solana/codecs-numbers": {
      "version": "8.3.0",
      "resolved": "https://registry.npmjs.org/@solana/codecs-numbers/-/codecs-numbers-8.3.0.tgz",
      "integrity": "sha512-12u+Y9ERE+gqraV1g0BP/5QxbamukFub05kyj3d3s6V/26ZEby6ReHJ8yuKtPl9fIUnfoQ2M4+th/7u5+5v14w==",
      "license": "MIT",
      "dependencies": {
        "@solana/codecs-core": "8.3.0",
        "@solana/errors": "8.3.0"
      },
      "engines": {
        "node": ">=20.18.0"
      },
      "peerDependencies": {
        "typescript": ">=5.4.0"
      },
      "peerDependenciesMeta": {
        "typescript": {
          "optional": true
        }
      }
    },
    "node_modules/@solana/codecs-strings": {
      "version": "8.3.0",
      "resolved": "https://registry.npmjs.org/@solana/codecs-strings/-/codecs-strings-8.3.0.tgz",
      "integrity": "sha512-S7rZrc1B90AS0QVRlo6+6cX2t+0TGtsadsPWdfA7tXcaDKQfQn4C/6OJxJ7/n8ugw8LMgGC+Xcs81ii4nIp6aQ==",
      "license": "MIT",
      "dependencies": {
        "@solana/codecs-core": "8.3.0",
        "@solana/codecs-numbers": "8.3.0",
        "@solana/errors": "8.3.0"
      },
      "engines": {
        "node": ">=20.18.0"
      },
      "peerDependencies": {
        "fastestsmallesttextencoderdecoder": "^1.0.22",
        "typescript": ">=5.4.0"
      },
      "peerDependenciesMeta": {
        "fastestsmallesttextencoderdecoder": {
          "optional": true
        },
        "typescript": {
          "optional": true
        }
      }
    },
    "node_modules/@solana/errors": {
      "version": "8.3.0",
      "resolved": "https://registry.npmjs.org/@solana/errors/-/errors-8.3.0.tgz",
      "integrity": "sha512-XsoQ5ThBOwfMz1KS7I2zZoduLxUYFe+NHuRAm/gt+uk44nnXqwzNJHo/9GEMqJqxafViqvfRZ35GF1fDkwW32Q==",
      "license": "MIT",
      "dependencies": {
        "chalk": "5.6.2",
        "commander": "15.0.0"
      },
      "bin": {
        "errors": "bin/cli.mjs"
      },
      "engines": {
        "node": ">=20.18.0"
      },
      "peerDependencies": {
        "typescript": ">=5.4.0"
      },
      "peerDependenciesMeta": {
        "typescript": {
          "optional": true
        }
      }
    },
    "node_modules/@solana/fast-stable-stringify": {
      "version": "8.3.0",
      "resolved": "https://registry.npmjs.org/@solana/fast-stable-stringify/-/fast-stable-stringify-8.3.0.tgz",
      "integrity": "sha512-QVVSFQPLJaFeUFekWHe04TUr5rL2QbgPCEK0HcmlOLgCWTvduwj1D9e73jjYzL5HU1QRyUfzkw+GnSw95nvjLg==",
      "license": "MIT",
      "engines": {
        "node": ">=20.18.0"
      },
      "peerDependencies": {
        "typescript": ">=5.4.0"
      },
      "peerDependenciesMeta": {
        "typescript": {
          "optional": true
        }
      }
    },
    "node_modules/@solana/fixed-points": {
      "version": "8.3.0",
      "resolved": "https://registry.npmjs.org/@solana/fixed-points/-/fixed-points-8.3.0.tgz",
      "integrity": "sha512-cah+OuTSXqSMRlTQdj3sQmf7RK1m2RG50RzSgLFWeAAl+WCsoR4pyGPFxhQMw9JdaniqOUkKKB3ppxTMgfoHEg==",
      "license": "MIT",
      "dependencies": {
        "@solana/codecs-core": "8.3.0",
        "@solana/errors": "8.3.0"
      },
      "engines": {
        "node": ">=20.18.0"
      },
      "peerDependencies": {
        "typescript": ">=5.4.0"
      },
      "peerDependenciesMeta": {
        "typescript": {
          "optional": true
        }
      }
    },
    "node_modules/@solana/functional": {
      "version": "8.3.0",
      "resolved": "https://registry.npmjs.org/@solana/functional/-/functional-8.3.0.tgz",
      "integrity": "sha512-HBtC8tA8q73JQYHFaNROGiBLcwPcbQHldN7f1NqCgYY9x/iIt/zvWPeoxiRkncYCE9MwDLyWMq3LnetjqOifOA==",
      "license": "MIT",
      "engines": {
        "node": ">=20.18.0"
      },
      "peerDependencies": {
        "typescript": ">=5.4.0"
      },
      "peerDependenciesMeta": {
        "typescript": {
          "optional": true
        }
      }
    },
    "node_modules/@solana/instruction-plans": {
      "version": "8.3.0",
      "resolved": "https://registry.npmjs.org/@solana/instruction-plans/-/instruction-plans-8.3.0.tgz",
      "integrity": "sha512-ltuS+fTWsNQokFxK8StQzn/ZDkrR/P4Pao5EpQxYHPQQ+Z83g61kWFEnR+bB9WBDUZwu2CJptNXItKSgGOWwmg==",
      "license": "MIT",
      "dependencies": {
        "@solana/errors": "8.3.0",
        "@solana/instructions": "8.3.0",
        "@solana/keys": "8.3.0",
        "@solana/promises": "8.3.0",
        "@solana/transaction-messages": "8.3.0",
        "@solana/transactions": "8.3.0"
      },
      "engines": {
        "node": ">=20.18.0"
      },
      "peerDependencies": {
        "typescript": ">=5.4.0"
      },
      "peerDependenciesMeta": {
        "typescript": {
          "optional": true
        }
      }
    },
    "node_modules/@solana/instructions": {
      "version": "8.3.0",
      "resolved": "https://registry.npmjs.org/@solana/instructions/-/instructions-8.3.0.tgz",
      "integrity": "sha512-piAAqqC5NEvN2Mf2FP6PWogl8qCVg/2cEt+LKyq89P0sNbaeMPK11wGcZR6e3LEBMBSnjAw4DbDerDWg6GC0eg==",
      "license": "MIT",
      "dependencies": {
        "@solana/codecs-core": "8.3.0",
        "@solana/errors": "8.3.0"
      },
      "engines": {
        "node": ">=20.18.0"
      },
      "peerDependencies": {
        "typescript": ">=5.4.0"
      },
      "peerDependenciesMeta": {
        "typescript": {
          "optional": true
        }
      }
    },
    "node_modules/@solana/keys": {
      "version": "8.3.0",
      "resolved": "https://registry.npmjs.org/@solana/keys/-/keys-8.3.0.tgz",
      "integrity": "sha512-Fs8rtmxliPlDu/6iJniU4FfvUfD63OSxIAbMv2CyNvK9fg7dmQ9fUEBuK3WpwAlpKwhEHCzaFSWNUaB2SmeviQ==",
      "license": "MIT",
      "dependencies": {
        "@solana/assertions": "8.3.0",
        "@solana/codecs-core": "8.3.0",
        "@solana/codecs-strings": "8.3.0",
        "@solana/errors": "8.3.0",
        "@solana/nominal-types": "8.3.0",
        "@solana/promises": "8.3.0"
      },
      "engines": {
        "node": ">=20.18.0"
      },
      "peerDependencies": {
        "typescript": ">=5.4.0"
      },
      "peerDependenciesMeta": {
        "typescript": {
          "optional": true
        }
      }
    },
    "node_modules/@solana/kit": {
      "version": "8.3.0",
      "resolved": "https://registry.npmjs.org/@solana/kit/-/kit-8.3.0.tgz",
      "integrity": "sha512-2T2QaO+0/CeZnPMsjv/bGhBSEiBCMY6V/Qi0xhFF/+8yCH8tkzM/kgE7fX5JlrR3gZpl9Bu+C62KTqnvk/bcjw==",
      "license": "MIT",
      "dependencies": {
        "@solana/accounts": "8.3.0",
        "@solana/addresses": "8.3.0",
        "@solana/codecs": "8.3.0",
        "@solana/errors": "8.3.0",
        "@solana/functional": "8.3.0",
        "@solana/instruction-plans": "8.3.0",
        "@solana/instructions": "8.3.0",
        "@solana/keys": "8.3.0",
        "@solana/offchain-messages": "8.3.0",
        "@solana/plugin-core": "8.3.0",
        "@solana/plugin-interfaces": "8.3.0",
        "@solana/program-client-core": "8.3.0",
        "@solana/programs": "8.3.0",
        "@solana/promises": "8.3.0",
        "@solana/rpc": "8.3.0",
        "@solana/rpc-api": "8.3.0",
        "@solana/rpc-parsed-types": "8.3.0",
        "@solana/rpc-spec-types": "8.3.0",
        "@solana/rpc-subscriptions": "8.3.0",
        "@solana/rpc-types": "8.3.0",
        "@solana/signers": "8.3.0",
        "@solana/subscribable": "8.3.0",
        "@solana/sysvars": "8.3.0",
        "@solana/transaction-confirmation": "8.3.0",
        "@solana/transaction-introspection": "8.3.0",
        "@solana/transaction-messages": "8.3.0",
        "@solana/transactions": "8.3.0"
      },
      "engines": {
        "node": ">=20.18.0"
      },
      "peerDependencies": {
        "typescript": ">=5.4.0"
      },
      "peerDependenciesMeta": {
        "typescript": {
          "optional": true
        }
      }
    },
    "node_modules/@solana/nominal-types": {
      "version": "8.3.0",
      "resolved": "https://registry.npmjs.org/@solana/nominal-types/-/nominal-types-8.3.0.tgz",
      "integrity": "sha512-x2aCcMwe6C2tQNq4pAhx4bEd2zhrm3i7DjkdAJAPVCtPKd6ecO6iaV+53/RvE2ImZ0E9aVB41lPV8ZM0dMhRiw==",
      "license": "MIT",
      "engines": {
        "node": ">=20.18.0"
      },
      "peerDependencies": {
        "typescript": ">=5.4.0"
      },
      "peerDependenciesMeta": {
        "typescript": {
          "optional": true
        }
      }
    },
    "node_modules/@solana/offchain-messages": {
      "version": "8.3.0",
      "resolved": "https://registry.npmjs.org/@solana/offchain-messages/-/offchain-messages-8.3.0.tgz",
      "integrity": "sha512-zpwwQRTX+aBF97fgZW+T+grZWqKbCMa6moDnYHsCkQg67nCeb9OrPtZxMbCT5bP+kDgMTq2URQwS1NcZOwut+Q==",
      "license": "MIT",
      "dependencies": {
        "@solana/addresses": "8.3.0",
        "@solana/codecs-core": "8.3.0",
        "@solana/codecs-data-structures": "8.3.0",
        "@solana/codecs-numbers": "8.3.0",
        "@solana/codecs-strings": "8.3.0",
        "@solana/errors": "8.3.0",
        "@solana/keys": "8.3.0",
        "@solana/nominal-types": "8.3.0"
      },
      "engines": {
        "node": ">=20.18.0"
      },
      "peerDependencies": {
        "typescript": ">=5.4.0"
      },
      "peerDependenciesMeta": {
        "typescript": {
          "optional": true
        }
      }
    },
    "node_modules/@solana/options": {
      "version": "8.3.0",
      "resolved": "https://registry.npmjs.org/@solana/options/-/options-8.3.0.tgz",
      "integrity": "sha512-+mi+EvxdjlOxt3dv7wTfzGxVFw0j8flZ8gGSXCx969JrML9EZd3+wgsKuMNb3whbvGa/N5exPZXfzsG+wNlK8A==",
      "license": "MIT",
      "dependencies": {
        "@solana/codecs-core": "8.3.0",
        "@solana/codecs-data-structures": "8.3.0",
        "@solana/codecs-numbers": "8.3.0",
        "@solana/codecs-strings": "8.3.0",
        "@solana/errors": "8.3.0"
      },
      "engines": {
        "node": ">=20.18.0"
      },
      "peerDependencies": {
        "typescript": ">=5.4.0"
      },
      "peerDependenciesMeta": {
        "typescript": {
          "optional": true
        }
      }
    },
    "node_modules/@solana/plugin-core": {
      "version": "8.3.0",
      "resolved": "https://registry.npmjs.org/@solana/plugin-core/-/plugin-core-8.3.0.tgz",
      "integrity": "sha512-cU5S9QR7C1Xsn9DDRSLN7Vq8+kWy6Fw6g2lwa+9yZqdSqABhmdH5HBJG/Zl8HULz2Ady0y8qHcu8fEZsehuU0g==",
      "license": "MIT",
      "engines": {
        "node": ">=20.18.0"
      },
      "peerDependencies": {
        "typescript": ">=5.4.0"
      },
      "peerDependenciesMeta": {
        "typescript": {
          "optional": true
        }
      }
    },
    "node_modules/@solana/plugin-interfaces": {
      "version": "8.3.0",
      "resolved": "https://registry.npmjs.org/@solana/plugin-interfaces/-/plugin-interfaces-8.3.0.tgz",
      "integrity": "sha512-EawuCQiW5A13qdArRODYbAsAvi9fRkORk1hq14kbRAR0A/7XwQLniAWrgKY4WZ1UXuECB/LxKc8uQwfH5u1JOw==",
      "license": "MIT",
      "dependencies": {
        "@solana/accounts": "8.3.0",
        "@solana/addresses": "8.3.0",
        "@solana/instruction-plans": "8.3.0",
        "@solana/keys": "8.3.0",
        "@solana/rpc-spec": "8.3.0",
        "@solana/rpc-subscriptions-spec": "8.3.0",
        "@solana/rpc-types": "8.3.0",
        "@solana/signers": "8.3.0",
        "@solana/transactions": "8.3.0"
      },
      "engines": {
        "node": ">=20.18.0"
      },
      "peerDependencies": {
        "typescript": ">=5.4.0"
      },
      "peerDependenciesMeta": {
        "typescript": {
          "optional": true
        }
      }
    },
    "node_modules/@solana/program-client-core": {
      "version": "8.3.0",
      "resolved": "https://registry.npmjs.org/@solana/program-client-core/-/program-client-core-8.3.0.tgz",
      "integrity": "sha512-GUFVAFaEgVvznI6mrfa69I0SVnO5mD5RpYKdSEHvGnIMzupgjZhTcmhSxMIU06hFA2ZLF+NbKsOKMQFVicOCjw==",
      "license": "MIT",
      "dependencies": {
        "@solana/accounts": "8.3.0",
        "@solana/addresses": "8.3.0",
        "@solana/codecs-core": "8.3.0",
        "@solana/errors": "8.3.0",
        "@solana/instruction-plans": "8.3.0",
        "@solana/instructions": "8.3.0",
        "@solana/plugin-interfaces": "8.3.0",
        "@solana/rpc-api": "8.3.0",
        "@solana/signers": "8.3.0"
      },
      "engines": {
        "node": ">=20.18.0"
      },
      "peerDependencies": {
        "typescript": ">=5.4.0"
      },
      "peerDependenciesMeta": {
        "typescript": {
          "optional": true
        }
      }
    },
    "node_modules/@solana/programs": {
      "version": "8.3.0",
      "resolved": "https://registry.npmjs.org/@solana/programs/-/programs-8.3.0.tgz",
      "integrity": "sha512-XosDh9GNaDUCvzpFE2e3M7iQ6tounwrhR16+KInjYNcvQDLgA5yeCbNfByai7OSz9iqEi5nlXjQFIQCckLANVw==",
      "license": "MIT",
      "dependencies": {
        "@solana/addresses": "8.3.0",
        "@solana/errors": "8.3.0"
      },
      "engines": {
        "node": ">=20.18.0"
      },
      "peerDependencies": {
        "typescript": ">=5.4.0"
      },
      "peerDependenciesMeta": {
        "typescript": {
          "optional": true
        }
      }
    },
    "node_modules/@solana/promises": {
      "version": "8.3.0",
      "resolved": "https://registry.npmjs.org/@solana/promises/-/promises-8.3.0.tgz",
      "integrity": "sha512-RekTh1UzvyD1EtF4hjenJDrnpGakJwTCE7cq6auQKtBxQUIJrKwDxmpyiJTJ00wvQYdMfMuyJEPQNuxgm6mxrg==",
      "license": "MIT",
      "engines": {
        "node": ">=20.18.0"
      },
      "peerDependencies": {
        "typescript": ">=5.4.0"
      },
      "peerDependenciesMeta": {
        "typescript": {
          "optional": true
        }
      }
    },
    "node_modules/@solana/rpc": {
      "version": "8.3.0",
      "resolved": "https://registry.npmjs.org/@solana/rpc/-/rpc-8.3.0.tgz",
      "integrity": "sha512-giS/v09dby/VD77uDfNrhr5fLi5K5NIOp3jIFfKpdAnfPHgKLv050xdmL9ZltrWucrGuePinzUTLWkdkf4s/cw==",
      "license": "MIT",
      "dependencies": {
        "@solana/errors": "8.3.0",
        "@solana/fast-stable-stringify": "8.3.0",
        "@solana/functional": "8.3.0",
        "@solana/rpc-api": "8.3.0",
        "@solana/rpc-spec": "8.3.0",
        "@solana/rpc-spec-types": "8.3.0",
        "@solana/rpc-transformers": "8.3.0",
        "@solana/rpc-transport-http": "8.3.0",
        "@solana/rpc-types": "8.3.0"
      },
      "engines": {
        "node": ">=20.18.0"
      },
      "peerDependencies": {
        "typescript": ">=5.4.0"
      },
      "peerDependenciesMeta": {
        "typescript": {
          "optional": true
        }
      }
    },
    "node_modules/@solana/rpc-api": {
      "version": "8.3.0",
      "resolved": "https://registry.npmjs.org/@solana/rpc-api/-/rpc-api-8.3.0.tgz",
      "integrity": "sha512-8wvVbQLbp8Mjd0Vcg2IZqkNreSGkgOPe4IhCrO2GqJQyTNAI8Ir6o/Qt3zIj02IQS9LDL9rZPvynL+1PFPSlOA==",
      "license": "MIT",
      "dependencies": {
        "@solana/addresses": "8.3.0",
        "@solana/codecs-core": "8.3.0",
        "@solana/codecs-strings": "8.3.0",
        "@solana/errors": "8.3.0",
        "@solana/keys": "8.3.0",
        "@solana/rpc-parsed-types": "8.3.0",
        "@solana/rpc-spec": "8.3.0",
        "@solana/rpc-transformers": "8.3.0",
        "@solana/rpc-types": "8.3.0",
        "@solana/transaction-messages": "8.3.0",
        "@solana/transactions": "8.3.0"
      },
      "engines": {
        "node": ">=20.18.0"
      },
      "peerDependencies": {
        "typescript": ">=5.4.0"
      },
      "peerDependenciesMeta": {
        "typescript": {
          "optional": true
        }
      }
    },
    "node_modules/@solana/rpc-parsed-types": {
      "version": "8.3.0",
      "resolved": "https://registry.npmjs.org/@solana/rpc-parsed-types/-/rpc-parsed-types-8.3.0.tgz",
      "integrity": "sha512-cK0Yu7I8HADKYQdlyIuCFd2sq1sCrIm7q0H9nqeS7b5ILLYoH9T3AnCZ437N7Z4jZBekL2DGdpdE2M84F0fphQ==",
      "license": "MIT",
      "engines": {
        "node": ">=20.18.0"
      },
      "peerDependencies": {
        "typescript": ">=5.4.0"
      },
      "peerDependenciesMeta": {
        "typescript": {
          "optional": true
        }
      }
    },
    "node_modules/@solana/rpc-spec": {
      "version": "8.3.0",
      "resolved": "https://registry.npmjs.org/@solana/rpc-spec/-/rpc-spec-8.3.0.tgz",
      "integrity": "sha512-HWMQsAUsW8LOkojFopkkkTSIFAFeYDA6B4NiXtXZ8q5qKRKDB+qCVTC1un8RorKrnayLM7gF73Oi5gPD2ANL/w==",
      "license": "MIT",
      "dependencies": {
        "@solana/errors": "8.3.0",
        "@solana/rpc-spec-types": "8.3.0",
        "@solana/subscribable": "8.3.0"
      },
      "engines": {
        "node": ">=20.18.0"
      },
      "peerDependencies": {
        "typescript": ">=5.4.0"
      },
      "peerDependenciesMeta": {
        "typescript": {
          "optional": true
        }
      }
    },
    "node_modules/@solana/rpc-spec-types": {
      "version": "8.3.0",
      "resolved": "https://registry.npmjs.org/@solana/rpc-spec-types/-/rpc-spec-types-8.3.0.tgz",
      "integrity": "sha512-D757241XGKwmBRlQ1xSGknBqRaXq8ZO0BDl5UupG0UyHsfdk6iKDrJFccaNx1m2LKExzlu8iWZTEdnrueDDL7A==",
      "license": "MIT",
      "dependencies": {
        "@solana/errors": "8.3.0"
      },
      "engines": {
        "node": ">=20.18.0"
      },
      "peerDependencies": {
        "typescript": ">=5.4.0"
      },
      "peerDependenciesMeta": {
        "typescript": {
          "optional": true
        }
      }
    },
    "node_modules/@solana/rpc-subscriptions": {
      "version": "8.3.0",
      "resolved": "https://registry.npmjs.org/@solana/rpc-subscriptions/-/rpc-subscriptions-8.3.0.tgz",
      "integrity": "sha512-/oI9aXKOTFnIoZ+wmvZeNfSu5h8Vl90a4W6U/K8OZE2AKjK1dbKI4bR1k7P/3SORY9Z0AN2S9UsohQ6Z6n9jKA==",
      "license": "MIT",
      "dependencies": {
        "@solana/errors": "8.3.0",
        "@solana/fast-stable-stringify": "8.3.0",
        "@solana/functional": "8.3.0",
        "@solana/promises": "8.3.0",
        "@solana/rpc-spec-types": "8.3.0",
        "@solana/rpc-subscriptions-api": "8.3.0",
        "@solana/rpc-subscriptions-channel-websocket": "8.3.0",
        "@solana/rpc-subscriptions-spec": "8.3.0",
        "@solana/rpc-transformers": "8.3.0",
        "@solana/rpc-types": "8.3.0",
        "@solana/subscribable": "8.3.0"
      },
      "engines": {
        "node": ">=20.18.0"
      },
      "peerDependencies": {
        "typescript": ">=5.4.0"
      },
      "peerDependenciesMeta": {
        "typescript": {
          "optional": true
        }
      }
    },
    "node_modules/@solana/rpc-subscriptions-api": {
      "version": "8.3.0",
      "resolved": "https://registry.npmjs.org/@solana/rpc-subscriptions-api/-/rpc-subscriptions-api-8.3.0.tgz",
      "integrity": "sha512-NHjPuylayZHuBNXPkMT0sMHGUKAenck+P9Iep1ZzfH0py9SJcKOU8LHecSdGl7GjHk0SCs+iCBew+89JYrcTaA==",
      "license": "MIT",
      "dependencies": {
        "@solana/addresses": "8.3.0",
        "@solana/keys": "8.3.0",
        "@solana/rpc-subscriptions-spec": "8.3.0",
        "@solana/rpc-transformers": "8.3.0",
        "@solana/rpc-types": "8.3.0",
        "@solana/transaction-messages": "8.3.0",
        "@solana/transactions": "8.3.0"
      },
      "engines": {
        "node": ">=20.18.0"
      },
      "peerDependencies": {
        "typescript": ">=5.4.0"
      },
      "peerDependenciesMeta": {
        "typescript": {
          "optional": true
        }
      }
    },
    "node_modules/@solana/rpc-subscriptions-channel-websocket": {
      "version": "8.3.0",
      "resolved": "https://registry.npmjs.org/@solana/rpc-subscriptions-channel-websocket/-/rpc-subscriptions-channel-websocket-8.3.0.tgz",
      "integrity": "sha512-4Ix52idqRT3q0Ty5sr9lUj/S8Flf+/8q7NMuAxYNH827C71AO6vVpkpAY1YpU53MKnKy0Tox0mLLScocftgEJQ==",
      "license": "MIT",
      "dependencies": {
        "@solana/errors": "8.3.0",
        "@solana/functional": "8.3.0",
        "@solana/rpc-subscriptions-spec": "8.3.0",
        "@solana/subscribable": "8.3.0",
        "ws": "^8.21.3"
      },
      "engines": {
        "node": ">=20.18.0"
      },
      "peerDependencies": {
        "typescript": ">=5.4.0"
      },
      "peerDependenciesMeta": {
        "typescript": {
          "optional": true
        }
      }
    },
    "node_modules/@solana/rpc-subscriptions-spec": {
      "version": "8.3.0",
      "resolved": "https://registry.npmjs.org/@solana/rpc-subscriptions-spec/-/rpc-subscriptions-spec-8.3.0.tgz",
      "integrity": "sha512-iv6f4N7Pva3KGljkT4kEBsMDjWVHShtysuPOko8doLBSKuelOj+b+79iYpezeu6hpbZ0YxBvlmJkOtUyeIhRJA==",
      "license": "MIT",
      "dependencies": {
        "@solana/errors": "8.3.0",
        "@solana/promises": "8.3.0",
        "@solana/rpc-spec-types": "8.3.0",
        "@solana/subscribable": "8.3.0"
      },
      "engines": {
        "node": ">=20.18.0"
      },
      "peerDependencies": {
        "typescript": ">=5.4.0"
      },
      "peerDependenciesMeta": {
        "typescript": {
          "optional": true
        }
      }
    },
    "node_modules/@solana/rpc-transformers": {
      "version": "8.3.0",
      "resolved": "https://registry.npmjs.org/@solana/rpc-transformers/-/rpc-transformers-8.3.0.tgz",
      "integrity": "sha512-eDn1PwS+MbMAJN4ZSWzMYGt0jEwvyaZJwDeQdOdWYEkqKJKlLsO1AAxLmz3LW3R/iKyWa4KwjrJ5Ia9oAugS6g==",
      "license": "MIT",
      "dependencies": {
        "@solana/errors": "8.3.0",
        "@solana/functional": "8.3.0",
        "@solana/nominal-types": "8.3.0",
        "@solana/rpc-spec-types": "8.3.0",
        "@solana/rpc-types": "8.3.0"
      },
      "engines": {
        "node": ">=20.18.0"
      },
      "peerDependencies": {
        "typescript": ">=5.4.0"
      },
      "peerDependenciesMeta": {
        "typescript": {
          "optional": true
        }
      }
    },
    "node_modules/@solana/rpc-transport-http": {
      "version": "8.3.0",
      "resolved": "https://registry.npmjs.org/@solana/rpc-transport-http/-/rpc-transport-http-8.3.0.tgz",
      "integrity": "sha512-XD3Bo5KZekQhrReoF6UzFW66NUYqa4Rg1wBjFEIsC/sABhLJ+062O1GPS3HY9AcxZBW48rAmfNe1Qqkerxajzw==",
      "license": "MIT",
      "dependencies": {
        "@solana/errors": "8.3.0",
        "@solana/rpc-spec": "8.3.0",
        "@solana/rpc-spec-types": "8.3.0",
        "undici-types": "^8.10.2"
      },
      "engines": {
        "node": ">=20.18.0"
      },
      "peerDependencies": {
        "typescript": ">=5.4.0"
      },
      "peerDependenciesMeta": {
        "typescript": {
          "optional": true
        }
      }
    },
    "node_modules/@solana/rpc-types": {
      "version": "8.3.0",
      "resolved": "https://registry.npmjs.org/@solana/rpc-types/-/rpc-types-8.3.0.tgz",
      "integrity": "sha512-T8DlDU5hu/pspKNWriwkJHXqzb7B6EQVVC6sgciZp78VB9R413+K6QhC7jZc96mNcoaATKRRg2tDDyiezKZVIg==",
      "license": "MIT",
      "dependencies": {
        "@solana/addresses": "8.3.0",
        "@solana/codecs-core": "8.3.0",
        "@solana/codecs-numbers": "8.3.0",
        "@solana/codecs-strings": "8.3.0",
        "@solana/errors": "8.3.0",
        "@solana/fixed-points": "8.3.0",
        "@solana/nominal-types": "8.3.0"
      },
      "engines": {
        "node": ">=20.18.0"
      },
      "peerDependencies": {
        "typescript": ">=5.4.0"
      },
      "peerDependenciesMeta": {
        "typescript": {
          "optional": true
        }
      }
    },
    "node_modules/@solana/signers": {
      "version": "8.3.0",
      "resolved": "https://registry.npmjs.org/@solana/signers/-/signers-8.3.0.tgz",
      "integrity": "sha512-uNiJZV6npLBQ0jYsK5fmtemZ0igQ4HW9QR9t5qSxbxRa52yZjzX7zkSpFhQJsxvBCAUR2ppVmhanDeupPXf4Mw==",
      "license": "MIT",
      "dependencies": {
        "@solana/addresses": "8.3.0",
        "@solana/codecs-core": "8.3.0",
        "@solana/errors": "8.3.0",
        "@solana/instructions": "8.3.0",
        "@solana/keys": "8.3.0",
        "@solana/nominal-types": "8.3.0",
        "@solana/offchain-messages": "8.3.0",
        "@solana/transaction-messages": "8.3.0",
        "@solana/transactions": "8.3.0"
      },
      "engines": {
        "node": ">=20.18.0"
      },
      "peerDependencies": {
        "typescript": ">=5.4.0"
      },
      "peerDependenciesMeta": {
        "typescript": {
          "optional": true
        }
      }
    },
    "node_modules/@solana/subscribable": {
      "version": "8.3.0",
      "resolved": "https://registry.npmjs.org/@solana/subscribable/-/subscribable-8.3.0.tgz",
      "integrity": "sha512-tLoGNOt19oUTxIoOaBxQRNxKJET/IXBx1NZkGD1lh4X8iNc6V0lY3MMIWjNvRivFIpzeWtWYxX/tAb27xpmcXg==",
      "license": "MIT",
      "dependencies": {
        "@solana/errors": "8.3.0",
        "@solana/promises": "8.3.0"
      },
      "engines": {
        "node": ">=20.18.0"
      },
      "peerDependencies": {
        "typescript": ">=5.4.0"
      },
      "peerDependenciesMeta": {
        "typescript": {
          "optional": true
        }
      }
    },
    "node_modules/@solana/sysvars": {
      "version": "8.3.0",
      "resolved": "https://registry.npmjs.org/@solana/sysvars/-/sysvars-8.3.0.tgz",
      "integrity": "sha512-SXnKqpV4pj3vLvcyBn8+jeVouu4Bbk0PTmHMknsig6edWcpmvAXkufcRdxgVy5t58pdSf1+GlJGEEhP5NR/0xA==",
      "license": "MIT",
      "dependencies": {
        "@solana/accounts": "8.3.0",
        "@solana/codecs-core": "8.3.0",
        "@solana/codecs-data-structures": "8.3.0",
        "@solana/codecs-numbers": "8.3.0",
        "@solana/errors": "8.3.0",
        "@solana/rpc-types": "8.3.0"
      },
      "engines": {
        "node": ">=20.18.0"
      },
      "peerDependencies": {
        "typescript": ">=5.4.0"
      },
      "peerDependenciesMeta": {
        "typescript": {
          "optional": true
        }
      }
    },
    "node_modules/@solana/transaction-confirmation": {
      "version": "8.3.0",
      "resolved": "https://registry.npmjs.org/@solana/transaction-confirmation/-/transaction-confirmation-8.3.0.tgz",
      "integrity": "sha512-xx4sO4+0nP84SvxPPmHFKkUyBEQDFC2Vn8eqV8qEG3yo0ruHlZ45g0IeYhz9WS20WPgkXvGB5bVU8Y3yv/4vPw==",
      "license": "MIT",
      "dependencies": {
        "@solana/addresses": "8.3.0",
        "@solana/codecs-strings": "8.3.0",
        "@solana/errors": "8.3.0",
        "@solana/keys": "8.3.0",
        "@solana/promises": "8.3.0",
        "@solana/rpc": "8.3.0",
        "@solana/rpc-subscriptions": "8.3.0",
        "@solana/rpc-types": "8.3.0",
        "@solana/transaction-messages": "8.3.0",
        "@solana/transactions": "8.3.0"
      },
      "engines": {
        "node": ">=20.18.0"
      },
      "peerDependencies": {
        "typescript": ">=5.4.0"
      },
      "peerDependenciesMeta": {
        "typescript": {
          "optional": true
        }
      }
    },
    "node_modules/@solana/transaction-introspection": {
      "version": "8.3.0",
      "resolved": "https://registry.npmjs.org/@solana/transaction-introspection/-/transaction-introspection-8.3.0.tgz",
      "integrity": "sha512-uuPNYLhgueMG1ZxWH+SqPHiyz7KM0vFUDPCVRQUVTTWFryWDeu6GExfy+mFMPRR25cp+hWYmYhddub8BU2sPXQ==",
      "license": "MIT",
      "dependencies": {
        "@solana/addresses": "8.3.0",
        "@solana/codecs-core": "8.3.0",
        "@solana/codecs-strings": "8.3.0",
        "@solana/errors": "8.3.0",
        "@solana/instructions": "8.3.0",
        "@solana/rpc-types": "8.3.0",
        "@solana/transaction-messages": "8.3.0",
        "@solana/transactions": "8.3.0"
      },
      "engines": {
        "node": ">=20.18.0"
      },
      "peerDependencies": {
        "typescript": ">=5.4.0"
      },
      "peerDependenciesMeta": {
        "typescript": {
          "optional": true
        }
      }
    },
    "node_modules/@solana/transaction-messages": {
      "version": "8.3.0",
      "resolved": "https://registry.npmjs.org/@solana/transaction-messages/-/transaction-messages-8.3.0.tgz",
      "integrity": "sha512-AkgHRPOnwonB7n81rTwnZ9WFlagnhzDzXKGhETdffzC+A1GifXC2s/ou0/qNozuqlgPVDaBR02S/A3Vt1tYr/g==",
      "license": "MIT",
      "dependencies": {
        "@solana/addresses": "8.3.0",
        "@solana/codecs-core": "8.3.0",
        "@solana/codecs-data-structures": "8.3.0",
        "@solana/codecs-numbers": "8.3.0",
        "@solana/errors": "8.3.0",
        "@solana/functional": "8.3.0",
        "@solana/instructions": "8.3.0",
        "@solana/nominal-types": "8.3.0",
        "@solana/rpc-types": "8.3.0"
      },
      "engines": {
        "node": ">=20.18.0"
      },
      "peerDependencies": {
        "typescript": ">=5.4.0"
      },
      "peerDependenciesMeta": {
        "typescript": {
          "optional": true
        }
      }
    },
    "node_modules/@solana/transactions": {
      "version": "8.3.0",
      "resolved": "https://registry.npmjs.org/@solana/transactions/-/transactions-8.3.0.tgz",
      "integrity": "sha512-zNCHu2W3t6r4W3rsCA5vZ93bGqcZPNgfgYjTamRC6xTZPP2qn5JR+bSR9/WBMpi8GwLzWYuDk6YtNp3+pYGKuQ==",
      "license": "MIT",
      "dependencies": {
        "@solana/addresses": "8.3.0",
        "@solana/codecs-core": "8.3.0",
        "@solana/codecs-data-structures": "8.3.0",
        "@solana/codecs-numbers": "8.3.0",
        "@solana/codecs-strings": "8.3.0",
        "@solana/errors": "8.3.0",
        "@solana/functional": "8.3.0",
        "@solana/instructions": "8.3.0",
        "@solana/keys": "8.3.0",
        "@solana/nominal-types": "8.3.0",
        "@solana/rpc-types": "8.3.0",
        "@solana/transaction-messages": "8.3.0"
      },
      "engines": {
        "node": ">=20.18.0"
      },
      "peerDependencies": {
        "typescript": ">=5.4.0"
      },
      "peerDependenciesMeta": {
        "typescript": {
          "optional": true
        }
      }
    },
    "node_modules/chalk": {
      "version": "5.6.2",
      "resolved": "https://registry.npmjs.org/chalk/-/chalk-5.6.2.tgz",
      "integrity": "sha512-7NzBL0rN6fMUW+f7A6Io4h40qQlG+xGmtMxfbnH/K7TAtt8JQWVQK+6g0UXKMeVJoyV5EkkNsErQ8pVD3bLHbA==",
      "license": "MIT",
      "engines": {
        "node": "^12.17.0 || ^14.13 || >=16.0.0"
      },
      "funding": {
        "url": "https://github.com/chalk/chalk?sponsor=1"
      }
    },
    "node_modules/commander": {
      "version": "15.0.0",
      "resolved": "https://registry.npmjs.org/commander/-/commander-15.0.0.tgz",
      "integrity": "sha512-z67u4ZhzCL/Tydu1lJARtEZYWbWaN7oYLHbsuzocr6y4N6WZAagG3RQ4FW61V1/0+jImpj293XfrcYnd1qxtPg==",
      "license": "MIT",
      "engines": {
        "node": ">=22.12.0"
      }
    },
    "node_modules/undici-types": {
      "version": "8.10.2",
      "resolved": "https://registry.npmjs.org/undici-types/-/undici-types-8.10.2.tgz",
      "integrity": "sha512-7/+aSjzkUoLc92hV22bTW4aGanXf800zbwguhcICs0OAoCF9wDOE4wkopQ+SqfhXZm8mCK8gHpdTs7pZUWzK3w==",
      "license": "MIT"
    },
    "node_modules/ws": {
      "version": "8.21.3",
      "resolved": "https://registry.npmjs.org/ws/-/ws-8.21.3.tgz",
      "integrity": "sha512-201TZ/kPWxoPr/OKWjquZR1SWKXcvxdH+e1xrx89b3YbmzLMFCLfnaG1HFIgWzJOEWZ7MvpK++odZufgYR50Rw==",
      "license": "MIT",
      "engines": {
        "node": ">=10.0.0"
      },
      "peerDependencies": {
        "bufferutil": "^4.0.1",
        "utf-8-validate": ">=5.0.2"
      },
      "peerDependenciesMeta": {
        "bufferutil": {
          "optional": true
        },
        "utf-8-validate": {
          "optional": true
        }
      }
    }
  }
}
